{
    "_readme": [
        "This file is generated for the HabitTrack academic project.",
        "See https://getcomposer.org/doc/01-basic-usage.md for basic Composer usage."
    ],
    "content-hash": "habittrack-academico-sem-dependencias",
    "packages": [],
    "packages-dev": [],
    "aliases": [],
    "minimum-stability": "stable",
    "stability-flags": [],
    "prefer-stable": false,
    "prefer-lowest": false,
    "platform": {
        "php": ">=8.3"
    },
    "platform-dev": [],
    "plugin-api-version": "2.6.0"
}
